# This file is automatically @generated by Cargo.
# It is not intended for manual editing.
version = 4

[[package]]
name = "hushpen-app"
version = "2.0.0"
dependencies = [
 "hushpen-audio",
 "hushpen-core",
 "hushpen-engine",
 "hushpen-platform",
 "hushpen-store",
 "hushpen-testhook",
]

[[package]]
name = "hushpen-audio"
version = "2.0.0"
dependencies = [
 "hushpen-core",
]

[[package]]
name = "hushpen-core"
version = "2.0.0"

[[package]]
name = "hushpen-engine"
version = "2.0.0"
dependencies = [
 "hushpen-audio",
 "hushpen-core",
]

[[package]]
name = "hushpen-llm"
version = "2.0.0"
dependencies = [
 "hushpen-core",
]

[[package]]
name = "hushpen-platform"
version = "2.0.0"
dependencies = [
 "hushpen-core",
]

[[package]]
name = "hushpen-store"
version = "2.0.0"
dependencies = [
 "hushpen-core",
]

[[package]]
name = "hushpen-testhook"
version = "2.0.0"

[[package]]
name = "xtask"
version = "2.0.0"
